
Microsoft Visual Studio Solution File, Format Version 12.00
# Visual Studio Version 17
VisualStudioVersion = 17.8.34408.163
MinimumVisualStudioVersion = 10.0.40219.1
Project("{2150E333-8FDC-42A3-9474-1A3956D46DE8}") = "Services", "Services", "{D3A250D7-C48B-4C23-BD10-E7E68B0B5FAF}"
EndProject
Project("{FAE04EC0-301F-11D3-BF4B-00C04F79EFBC}") = "Catalog.API", "Services\Catalog.API\Catalog.API.csproj", "{01408142-AD85-43FA-ADB2-F439808C0F0D}"
EndProject
Global
	GlobalSection(SolutionConfigurationPlatforms) = preSolution
		Debug|Any CPU = Debug|Any CPU
		Release|Any CPU = Release|Any CPU
	EndGlobalSection
	GlobalSection(ProjectConfigurationPlatforms) = postSolution
		{01408142-AD85-43FA-ADB2-F439808C0F0D}.Debug|Any CPU.ActiveCfg = Debug|Any CPU
		{01408142-AD85-43FA-ADB2-F439808C0F0D}.Debug|Any CPU.Build.0 = Debug|Any CPU
		{01408142-AD85-43FA-ADB2-F439808C0F0D}.Release|Any CPU.ActiveCfg = Release|Any CPU
		{01408142-AD85-43FA-ADB2-F439808C0F0D}.Release|Any CPU.Build.0 = Release|Any CPU
	EndGlobalSection
	GlobalSection(SolutionProperties) = preSolution
		HideSolutionNode = FALSE
	EndGlobalSection
	GlobalSection(NestedProjects) = preSolution
		{01408142-AD85-43FA-ADB2-F439808C0F0D} = {D3A250D7-C48B-4C23-BD10-E7E68B0B5FAF}
	EndGlobalSection
	GlobalSection(ExtensibilityGlobals) = postSolution
		SolutionGuid = {242FDE7D-03AF-40BB-BBCC-72785FDBDA1B}
	EndGlobalSection
EndGlobal
